# This file is automatically @generated by Cargo.
# It is not intended for manual editing.
version = 3

[[package]]
name = "abistr"
version = "0.1.1"
source = "registry+https://github.com/rust-lang/crates.io-index"
checksum = "295d27671f550749195982685127b0d8a05b57de8143434ddd05594cd6a61223"
dependencies = [
 "abistr-macros",
]

[[package]]
name = "abistr-macros"
version = "0.1.0"
source = "registry+https://github.com/rust-lang/crates.io-index"
checksum = "78b449594dc1467a3721120c9f6989ec290f8d677201c07bab1c777d672a3e54"

[[package]]
name = "valrow"
version = "0.0.0-git"
dependencies = [
 "abistr",
]
